
Microsoft Visual Studio Solution File, Format Version 12.00
# Visual Studio Version 16
VisualStudioVersion = 16.0.30907.101
MinimumVisualStudioVersion = 10.0.40219.1
Project("{FAE04EC0-301F-11D3-BF4B-00C04F79EFBC}") = "Creating_MVC_Form", "Creating_MVC_Form.csproj", "{4A58721E-4941-48B7-B8B3-2FDD03909D7D}"
EndProject
Global
	GlobalSection(SolutionConfigurationPlatforms) = preSolution
		Debug|Any CPU = Debug|Any CPU
		Release|Any CPU = Release|Any CPU
	EndGlobalSection
	GlobalSection(ProjectConfigurationPlatforms) = postSolution
		{4A58721E-4941-48B7-B8B3-2FDD03909D7D}.Debug|Any CPU.ActiveCfg = Debug|Any CPU
		{4A58721E-4941-48B7-B8B3-2FDD03909D7D}.Debug|Any CPU.Build.0 = Debug|Any CPU
		{4A58721E-4941-48B7-B8B3-2FDD03909D7D}.Release|Any CPU.ActiveCfg = Release|Any CPU
		{4A58721E-4941-48B7-B8B3-2FDD03909D7D}.Release|Any CPU.Build.0 = Release|Any CPU
	EndGlobalSection
	GlobalSection(SolutionProperties) = preSolution
		HideSolutionNode = FALSE
	EndGlobalSection
	GlobalSection(ExtensibilityGlobals) = postSolution
		SolutionGuid = {4F900062-4DAB-486C-BEC3-8E6119033DF4}
	EndGlobalSection
EndGlobal
